
Microsoft Visual Studio Solution File, Format Version 12.00
# Visual Studio Version 17
VisualStudioVersion = 17.3.32929.385
MinimumVisualStudioVersion = 10.0.40219.1
Project("{9A19103F-16F7-4668-BE54-9A1E7A4F7556}") = "Subscriber.WebApi", "Subscriber.WebApi\Subscriber.WebApi.csproj", "{7B515CB0-E101-4A2E-9E1B-F5D4587CA09C}"
EndProject
Project("{2150E333-8FDC-42A3-9474-1A3956D46DE8}") = "Controller", "Controller", "{FD89F039-693D-444C-8AFB-3798364592AF}"
EndProject
Project("{2150E333-8FDC-42A3-9474-1A3956D46DE8}") = "Service", "Service", "{821F275F-7919-4FA7-A782-7E60AC3741DC}"
EndProject
Project("{2150E333-8FDC-42A3-9474-1A3956D46DE8}") = "Model", "Model", "{EEA7E0F8-936F-4A68-98E1-DB580F882CE0}"
EndProject
Project("{9A19103F-16F7-4668-BE54-9A1E7A4F7556}") = "Subsciber.CORE", "Subsciber.CORE\Subsciber.CORE.csproj", "{BE48A5DC-6655-4F14-B5C1-817EBABEFF9B}"
EndProject
Project("{9A19103F-16F7-4668-BE54-9A1E7A4F7556}") = "Subscriber.Data", "Subscriber.Data\Subscriber.Data.csproj", "{5DD3A77D-D2DA-411C-8C97-4FF4872A70D0}"
EndProject
Project("{FAE04EC0-301F-11D3-BF4B-00C04F79EFBC}") = "Subscriber.DAL", "Subscriber.DAL\Subscriber.DAL.csproj", "{33EDF6A8-C960-4872-8625-1C7765E2EDB4}"
EndProject
Project("{FAE04EC0-301F-11D3-BF4B-00C04F79EFBC}") = "Subscriber.Services", "Subscriber.Services\Subscriber.Services.csproj", "{C3E397CB-3FF9-4982-BCB8-EF6A81215141}"
EndProject
Global
	GlobalSection(SolutionConfigurationPlatforms) = preSolution
		Debug|Any CPU = Debug|Any CPU
		Release|Any CPU = Release|Any CPU
	EndGlobalSection
	GlobalSection(ProjectConfigurationPlatforms) = postSolution
		{7B515CB0-E101-4A2E-9E1B-F5D4587CA09C}.Debug|Any CPU.ActiveCfg = Debug|Any CPU
		{7B515CB0-E101-4A2E-9E1B-F5D4587CA09C}.Debug|Any CPU.Build.0 = Debug|Any CPU
		{7B515CB0-E101-4A2E-9E1B-F5D4587CA09C}.Release|Any CPU.ActiveCfg = Release|Any CPU
		{7B515CB0-E101-4A2E-9E1B-F5D4587CA09C}.Release|Any CPU.Build.0 = Release|Any CPU
		{BE48A5DC-6655-4F14-B5C1-817EBABEFF9B}.Debug|Any CPU.ActiveCfg = Debug|Any CPU
		{BE48A5DC-6655-4F14-B5C1-817EBABEFF9B}.Debug|Any CPU.Build.0 = Debug|Any CPU
		{BE48A5DC-6655-4F14-B5C1-817EBABEFF9B}.Release|Any CPU.ActiveCfg = Release|Any CPU
		{BE48A5DC-6655-4F14-B5C1-817EBABEFF9B}.Release|Any CPU.Build.0 = Release|Any CPU
		{5DD3A77D-D2DA-411C-8C97-4FF4872A70D0}.Debug|Any CPU.ActiveCfg = Debug|Any CPU
		{5DD3A77D-D2DA-411C-8C97-4FF4872A70D0}.Debug|Any CPU.Build.0 = Debug|Any CPU
		{5DD3A77D-D2DA-411C-8C97-4FF4872A70D0}.Release|Any CPU.ActiveCfg = Release|Any CPU
		{5DD3A77D-D2DA-411C-8C97-4FF4872A70D0}.Release|Any CPU.Build.0 = Release|Any CPU
		{33EDF6A8-C960-4872-8625-1C7765E2EDB4}.Debug|Any CPU.ActiveCfg = Debug|Any CPU
		{33EDF6A8-C960-4872-8625-1C7765E2EDB4}.Debug|Any CPU.Build.0 = Debug|Any CPU
		{33EDF6A8-C960-4872-8625-1C7765E2EDB4}.Release|Any CPU.ActiveCfg = Release|Any CPU
		{33EDF6A8-C960-4872-8625-1C7765E2EDB4}.Release|Any CPU.Build.0 = Release|Any CPU
		{C3E397CB-3FF9-4982-BCB8-EF6A81215141}.Debug|Any CPU.ActiveCfg = Debug|Any CPU
		{C3E397CB-3FF9-4982-BCB8-EF6A81215141}.Debug|Any CPU.Build.0 = Debug|Any CPU
		{C3E397CB-3FF9-4982-BCB8-EF6A81215141}.Release|Any CPU.ActiveCfg = Release|Any CPU
		{C3E397CB-3FF9-4982-BCB8-EF6A81215141}.Release|Any CPU.Build.0 = Release|Any CPU
	EndGlobalSection
	GlobalSection(SolutionProperties) = preSolution
		HideSolutionNode = FALSE
	EndGlobalSection
	GlobalSection(NestedProjects) = preSolution
		{7B515CB0-E101-4A2E-9E1B-F5D4587CA09C} = {FD89F039-693D-444C-8AFB-3798364592AF}
		{BE48A5DC-6655-4F14-B5C1-817EBABEFF9B} = {EEA7E0F8-936F-4A68-98E1-DB580F882CE0}
		{5DD3A77D-D2DA-411C-8C97-4FF4872A70D0} = {EEA7E0F8-936F-4A68-98E1-DB580F882CE0}
		{33EDF6A8-C960-4872-8625-1C7765E2EDB4} = {821F275F-7919-4FA7-A782-7E60AC3741DC}
		{C3E397CB-3FF9-4982-BCB8-EF6A81215141} = {821F275F-7919-4FA7-A782-7E60AC3741DC}
	EndGlobalSection
	GlobalSection(ExtensibilityGlobals) = postSolution
		SolutionGuid = {14C58C12-612A-4AD9-A18C-9742DD9463A0}
	EndGlobalSection
EndGlobal
